
Microsoft Visual Studio Solution File, Format Version 12.00
# Visual Studio Version 16
VisualStudioVersion = 16.0.29613.14
MinimumVisualStudioVersion = 10.0.40219.1
Project("{FAE04EC0-301F-11D3-BF4B-00C04F79EFBC}") = "DemoApp2.2", "DemoApp2.2\DemoApp2.2.csproj", "{203684F9-369F-48F6-890C-C85F57D70024}"
EndProject
Global
	GlobalSection(SolutionConfigurationPlatforms) = preSolution
		Debug|Any CPU = Debug|Any CPU
		Release|Any CPU = Release|Any CPU
	EndGlobalSection
	GlobalSection(ProjectConfigurationPlatforms) = postSolution
		{203684F9-369F-48F6-890C-C85F57D70024}.Debug|Any CPU.ActiveCfg = Debug|Any CPU
		{203684F9-369F-48F6-890C-C85F57D70024}.Debug|Any CPU.Build.0 = Debug|Any CPU
		{203684F9-369F-48F6-890C-C85F57D70024}.Release|Any CPU.ActiveCfg = Release|Any CPU
		{203684F9-369F-48F6-890C-C85F57D70024}.Release|Any CPU.Build.0 = Release|Any CPU
	EndGlobalSection
	GlobalSection(SolutionProperties) = preSolution
		HideSolutionNode = FALSE
	EndGlobalSection
	GlobalSection(ExtensibilityGlobals) = postSolution
		SolutionGuid = {8D77BCFE-0A3D-4FFF-8266-5500BC9CC9A9}
	EndGlobalSection
EndGlobal
